
Microsoft Visual Studio Solution File, Format Version 12.00
# Visual Studio Version 17
VisualStudioVersion = 17.9.34728.123
MinimumVisualStudioVersion = 10.0.40219.1
Project("{FAE04EC0-301F-11D3-BF4B-00C04F79EFBC}") = "The Four Sisters and the Duckbear", "The Four Sisters and the Duckbear.csproj", "{BA77E3AB-5B49-45FB-B409-30438DA67797}"
EndProject
Global
	GlobalSection(SolutionConfigurationPlatforms) = preSolution
		Debug|Any CPU = Debug|Any CPU
		Release|Any CPU = Release|Any CPU
	EndGlobalSection
	GlobalSection(ProjectConfigurationPlatforms) = postSolution
		{BA77E3AB-5B49-45FB-B409-30438DA67797}.Debug|Any CPU.ActiveCfg = Debug|Any CPU
		{BA77E3AB-5B49-45FB-B409-30438DA67797}.Debug|Any CPU.Build.0 = Debug|Any CPU
		{BA77E3AB-5B49-45FB-B409-30438DA67797}.Release|Any CPU.ActiveCfg = Release|Any CPU
		{BA77E3AB-5B49-45FB-B409-30438DA67797}.Release|Any CPU.Build.0 = Release|Any CPU
	EndGlobalSection
	GlobalSection(SolutionProperties) = preSolution
		HideSolutionNode = FALSE
	EndGlobalSection
	GlobalSection(ExtensibilityGlobals) = postSolution
		SolutionGuid = {DDBD1E24-DC78-4A55-B5F4-2E68EFB89596}
	EndGlobalSection
EndGlobal
